// !$*UTF8*$!
{
	archiveVersion = 1;
	classes = {
	};
	objectVersion = 50;
	objects = {

/* Begin PBXBuildFile section */
		1729DF49812CC001A7AD4155 /* Pods_PulseOfAustinUITests.framework in Frameworks */ = {isa = PBXBuildFile; fileRef = CC82091359B9ADBCBD629B71 /* Pods_PulseOfAustinUITests.framework */; };
		752EF735207C571E0046743A /* AppDelegate.swift in Sources */ = {isa = PBXBuildFile; fileRef = 752EF734207C571E0046743A /* AppDelegate.swift */; };
		752EF737207C571E0046743A /* HomeViewController.swift in Sources */ = {isa = PBXBuildFile; fileRef = 752EF736207C571E0046743A /* HomeViewController.swift */; };
		752EF73A207C571E0046743A /* Main.storyboard in Resources */ = {isa = PBXBuildFile; fileRef = 752EF738207C571E0046743A /* Main.storyboard */; };
		752EF73C207C571F0046743A /* Assets.xcassets in Resources */ = {isa = PBXBuildFile; fileRef = 752EF73B207C571F0046743A /* Assets.xcassets */; };
		752EF73F207C571F0046743A /* LaunchScreen.storyboard in Resources */ = {isa = PBXBuildFile; fileRef = 752EF73D207C571F0046743A /* LaunchScreen.storyboard */; };
		752EF74A207C571F0046743A /* PulseOfAustinTests.swift in Sources */ = {isa = PBXBuildFile; fileRef = 752EF749207C571F0046743A /* PulseOfAustinTests.swift */; };
		752EF755207C571F0046743A /* PulseOfAustinUITests.swift in Sources */ = {isa = PBXBuildFile; fileRef = 752EF754207C571F0046743A /* PulseOfAustinUITests.swift */; };
		752EF79F207C5DDB0046743A /* GoogleService-Info.plist in Resources */ = {isa = PBXBuildFile; fileRef = 752EF79E207C5DDB0046743A /* GoogleService-Info.plist */; };
		753E259E20D6C4510020307D /* Onboarding.storyboard in Resources */ = {isa = PBXBuildFile; fileRef = 753E259D20D6C4510020307D /* Onboarding.storyboard */; };
		753E25A020D6C5440020307D /* OnboardingWelcome.swift in Sources */ = {isa = PBXBuildFile; fileRef = 753E259F20D6C5440020307D /* OnboardingWelcome.swift */; };
		753E25A220D6D4F90020307D /* OnboardingMain.swift in Sources */ = {isa = PBXBuildFile; fileRef = 753E25A120D6D4F90020307D /* OnboardingMain.swift */; };
		753E25A420DBD8C10020307D /* OnboardingSlideInfo.xib in Resources */ = {isa = PBXBuildFile; fileRef = 753E25A320DBD8C10020307D /* OnboardingSlideInfo.xib */; };
		753E25A620DBD8D20020307D /* OnboardingSlideInfo.swift in Sources */ = {isa = PBXBuildFile; fileRef = 753E25A520DBD8D20020307D /* OnboardingSlideInfo.swift */; };
		75519B3E20DEDC1A00463BB1 /* CreateAccount.storyboard in Resources */ = {isa = PBXBuildFile; fileRef = 75519B3D20DEDC1A00463BB1 /* CreateAccount.storyboard */; };
		75519B4020DEDC2600463BB1 /* CreateAccount.swift in Sources */ = {isa = PBXBuildFile; fileRef = 75519B3F20DEDC2600463BB1 /* CreateAccount.swift */; };
		75519B4320DEDC9000463BB1 /* User.swift in Sources */ = {isa = PBXBuildFile; fileRef = 75519B4220DEDC9000463BB1 /* User.swift */; };
		75519B4720DEE9C400463BB1 /* Secrets.swift in Sources */ = {isa = PBXBuildFile; fileRef = 75519B4620DEE9C400463BB1 /* Secrets.swift */; };
		75519B4920DF00A200463BB1 /* HttpRequests.swift in Sources */ = {isa = PBXBuildFile; fileRef = 75519B4820DF00A200463BB1 /* HttpRequests.swift */; };
		75519B4B20DFEF8500463BB1 /* UITextField+Extension.swift in Sources */ = {isa = PBXBuildFile; fileRef = 75519B4A20DFEF8500463BB1 /* UITextField+Extension.swift */; };
		75519B4E20E924D700463BB1 /* Login.storyboard in Resources */ = {isa = PBXBuildFile; fileRef = 75519B4D20E924D700463BB1 /* Login.storyboard */; };
		75519B5020E924EA00463BB1 /* Login.swift in Sources */ = {isa = PBXBuildFile; fileRef = 75519B4F20E924EA00463BB1 /* Login.swift */; };
		75519B5420E9335300463BB1 /* UIViewController+Extension.swift in Sources */ = {isa = PBXBuildFile; fileRef = 75519B5320E9335300463BB1 /* UIViewController+Extension.swift */; };
		75519B5620E945F700463BB1 /* NSMutableAttributedString+Extension.swift in Sources */ = {isa = PBXBuildFile; fileRef = 75519B5520E945F700463BB1 /* NSMutableAttributedString+Extension.swift */; };
		755C7BA220824C8F00554399 /* ExploreViewController.swift in Sources */ = {isa = PBXBuildFile; fileRef = 755C7BA120824C8F00554399 /* ExploreViewController.swift */; };
		755C7BA52082819E00554399 /* UIView+Extension.swift in Sources */ = {isa = PBXBuildFile; fileRef = 755C7BA42082819E00554399 /* UIView+Extension.swift */; };
		755C7BA72083006E00554399 /* TopicCell.xib in Resources */ = {isa = PBXBuildFile; fileRef = 755C7BA62083006E00554399 /* TopicCell.xib */; };
		755C7BA92083A5F400554399 /* TopicCell.swift in Sources */ = {isa = PBXBuildFile; fileRef = 755C7BA82083A5F400554399 /* TopicCell.swift */; };
		755C7BAD2085A05400554399 /* UIColor+Extension.swift in Sources */ = {isa = PBXBuildFile; fileRef = 755C7BAC2085A05400554399 /* UIColor+Extension.swift */; };
		755C7BB2208B89FF00554399 /* UIFont+Extension.swift in Sources */ = {isa = PBXBuildFile; fileRef = 755C7BB1208B89FF00554399 /* UIFont+Extension.swift */; };
		755C7BB4208CEA3B00554399 /* TopicInfoViewController.swift in Sources */ = {isa = PBXBuildFile; fileRef = 755C7BB3208CEA3B00554399 /* TopicInfoViewController.swift */; };
		7565F19020CC7B95008DFF27 /* LearnCardsContainer.swift in Sources */ = {isa = PBXBuildFile; fileRef = 7565F18F20CC7B95008DFF27 /* LearnCardsContainer.swift */; };
		7565F19220CC7BB6008DFF27 /* LearnCardsContainer.xib in Resources */ = {isa = PBXBuildFile; fileRef = 7565F19120CC7BB6008DFF27 /* LearnCardsContainer.xib */; };
		7565F19420CC7CA4008DFF27 /* LearnCard.swift in Sources */ = {isa = PBXBuildFile; fileRef = 7565F19320CC7CA4008DFF27 /* LearnCard.swift */; };
		7565F19620CC7CC6008DFF27 /* LearnCard.xib in Resources */ = {isa = PBXBuildFile; fileRef = 7565F19520CC7CC6008DFF27 /* LearnCard.xib */; };
		7565F19820CD73F1008DFF27 /* UITextView+Extension.swift in Sources */ = {isa = PBXBuildFile; fileRef = 7565F19720CD73F1008DFF27 /* UITextView+Extension.swift */; };
		757C0FB220C42E9C0018C560 /* LearnBreakdown.swift in Sources */ = {isa = PBXBuildFile; fileRef = 757C0FB120C42E9C0018C560 /* LearnBreakdown.swift */; };
		757C0FB420C42ECC0018C560 /* LearnBreakdown.xib in Resources */ = {isa = PBXBuildFile; fileRef = 757C0FB320C42ECC0018C560 /* LearnBreakdown.xib */; };
		757C0FBA20C4318C0018C560 /* BreakdownView.swift in Sources */ = {isa = PBXBuildFile; fileRef = 757C0FB920C4318C0018C560 /* BreakdownView.swift */; };
		757C0FBC20C431AA0018C560 /* BreakdownView.xib in Resources */ = {isa = PBXBuildFile; fileRef = 757C0FBB20C431AA0018C560 /* BreakdownView.xib */; };
		757C0FBE20C44DFE0018C560 /* LearnCityRationale.swift in Sources */ = {isa = PBXBuildFile; fileRef = 757C0FBD20C44DFE0018C560 /* LearnCityRationale.swift */; };
		757C0FC020C44E0F0018C560 /* LearnCityRationale.xib in Resources */ = {isa = PBXBuildFile; fileRef = 757C0FBF20C44E0F0018C560 /* LearnCityRationale.xib */; };
		757C0FC220C4500C0018C560 /* PerspectiveView.swift in Sources */ = {isa = PBXBuildFile; fileRef = 757C0FC120C4500C0018C560 /* PerspectiveView.swift */; };
		757C0FC420C450320018C560 /* PerspectiveView.xib in Resources */ = {isa = PBXBuildFile; fileRef = 757C0FC320C450320018C560 /* PerspectiveView.xib */; };
		758BF7E820F6EEDC0032C511 /* HTMLStrings.swift in Sources */ = {isa = PBXBuildFile; fileRef = 758BF7E720F6EEDC0032C511 /* HTMLStrings.swift */; };
		75B937502097451700221467 /* WeighInSelect.xib in Resources */ = {isa = PBXBuildFile; fileRef = 75B9374F2097451700221467 /* WeighInSelect.xib */; };
		75B937522097453500221467 /* WeighInSelect.swift in Sources */ = {isa = PBXBuildFile; fileRef = 75B937512097453500221467 /* WeighInSelect.swift */; };
		75BCD079209E62B8008AD469 /* WeighInElaborate.swift in Sources */ = {isa = PBXBuildFile; fileRef = 75BCD078209E62B8008AD469 /* WeighInElaborate.swift */; };
		75BCD07B209E62CA008AD469 /* WeighInElaborate.xib in Resources */ = {isa = PBXBuildFile; fileRef = 75BCD07A209E62CA008AD469 /* WeighInElaborate.xib */; };
		75BCD07D209F4F82008AD469 /* WeighInResults.xib in Resources */ = {isa = PBXBuildFile; fileRef = 75BCD07C209F4F82008AD469 /* WeighInResults.xib */; };
		75BCD07F209F4F93008AD469 /* WeighInResults.swift in Sources */ = {isa = PBXBuildFile; fileRef = 75BCD07E209F4F93008AD469 /* WeighInResults.swift */; };
		75BCD08220A7B741008AD469 /* TopicData.swift in Sources */ = {isa = PBXBuildFile; fileRef = 75BCD08120A7B741008AD469 /* TopicData.swift */; };
		75BDBDB920D5701E00BE0E84 /* WeighInLanding.xib in Resources */ = {isa = PBXBuildFile; fileRef = 75BDBDB820D5701E00BE0E84 /* WeighInLanding.xib */; };
		75BDBDBB20D5702E00BE0E84 /* WeighInLanding.swift in Sources */ = {isa = PBXBuildFile; fileRef = 75BDBDBA20D5702E00BE0E84 /* WeighInLanding.swift */; };
		75E29F9220EEFEC20086F4D8 /* OnboardingLastSlide.xib in Resources */ = {isa = PBXBuildFile; fileRef = 75E29F9120EEFEC20086F4D8 /* OnboardingLastSlide.xib */; };
		75E29F9420EEFED50086F4D8 /* OnboardingLastSlide.swift in Sources */ = {isa = PBXBuildFile; fileRef = 75E29F9320EEFED50086F4D8 /* OnboardingLastSlide.swift */; };
		75FE51B120C301EF00ABE7FD /* LearnLanding.swift in Sources */ = {isa = PBXBuildFile; fileRef = 75FE51B020C301EF00ABE7FD /* LearnLanding.swift */; };
		75FE51B320C3020F00ABE7FD /* LearnLanding.xib in Resources */ = {isa = PBXBuildFile; fileRef = 75FE51B220C3020F00ABE7FD /* LearnLanding.xib */; };
		75FE51B920C38B4700ABE7FD /* LearnOverview.swift in Sources */ = {isa = PBXBuildFile; fileRef = 75FE51B820C38B4700ABE7FD /* LearnOverview.swift */; };
		75FE51BB20C38B5400ABE7FD /* LearnOverview.xib in Resources */ = {isa = PBXBuildFile; fileRef = 75FE51BA20C38B5400ABE7FD /* LearnOverview.xib */; };
		CA6FA69E21AFC2166D0253FE /* Pods_PulseOfAustinTests.framework in Frameworks */ = {isa = PBXBuildFile; fileRef = F15A4FA94A6E3E3DDC6FE669 /* Pods_PulseOfAustinTests.framework */; };
		D067027E010FB376B0C60023 /* Pods_PulseOfAustin.framework in Frameworks */ = {isa = PBXBuildFile; fileRef = BCC68766280D23F4FDB3A389 /* Pods_PulseOfAustin.framework */; };
/* End PBXBuildFile section */

/* Begin PBXContainerItemProxy section */
		752EF746207C571F0046743A /* PBXContainerItemProxy */ = {
			isa = PBXContainerItemProxy;
			containerPortal = 752EF729207C571E0046743A /* Project object */;
			proxyType = 1;
			remoteGlobalIDString = 752EF730207C571E0046743A;
			remoteInfo = PulseOfAustin;
		};
		752EF751207C571F0046743A /* PBXContainerItemProxy */ = {
			isa = PBXContainerItemProxy;
			containerPortal = 752EF729207C571E0046743A /* Project object */;
			proxyType = 1;
			remoteGlobalIDString = 752EF730207C571E0046743A;
			remoteInfo = PulseOfAustin;
		};
/* End PBXContainerItemProxy section */

/* Begin PBXFileReference section */
		00E95310D79D8FF36DB70F5A /* Pods-PulseOfAustinUITests.debug.xcconfig */ = {isa = PBXFileReference; includeInIndex = 1; lastKnownFileType = text.xcconfig; name = "Pods-PulseOfAustinUITests.debug.xcconfig"; path = "Pods/Target Support Files/Pods-PulseOfAustinUITests/Pods-PulseOfAustinUITests.debug.xcconfig"; sourceTree = "<group>"; };
		30C670D4521ABF043271430D /* Pods-PulseOfAustinTests.release.xcconfig */ = {isa = PBXFileReference; includeInIndex = 1; lastKnownFileType = text.xcconfig; name = "Pods-PulseOfAustinTests.release.xcconfig"; path = "Pods/Target Support Files/Pods-PulseOfAustinTests/Pods-PulseOfAustinTests.release.xcconfig"; sourceTree = "<group>"; };
		31B611E7E7965329B57117F1 /* Pods-PulseOfAustinTests.debug.xcconfig */ = {isa = PBXFileReference; includeInIndex = 1; lastKnownFileType = text.xcconfig; name = "Pods-PulseOfAustinTests.debug.xcconfig"; path = "Pods/Target Support Files/Pods-PulseOfAustinTests/Pods-PulseOfAustinTests.debug.xcconfig"; sourceTree = "<group>"; };
		752EF731207C571E0046743A /* PulseOfAustin.app */ = {isa = PBXFileReference; explicitFileType = wrapper.application; includeInIndex = 0; path = PulseOfAustin.app; sourceTree = BUILT_PRODUCTS_DIR; };
		752EF734207C571E0046743A /* AppDelegate.swift */ = {isa = PBXFileReference; lastKnownFileType = sourcecode.swift; path = AppDelegate.swift; sourceTree = "<group>"; };
		752EF736207C571E0046743A /* HomeViewController.swift */ = {isa = PBXFileReference; lastKnownFileType = sourcecode.swift; path = HomeViewController.swift; sourceTree = "<group>"; };
		752EF739207C571E0046743A /* Base */ = {isa = PBXFileReference; lastKnownFileType = file.storyboard; name = Base; path = Base.lproj/Main.storyboard; sourceTree = "<group>"; };
		752EF73B207C571F0046743A /* Assets.xcassets */ = {isa = PBXFileReference; lastKnownFileType = folder.assetcatalog; path = Assets.xcassets; sourceTree = "<group>"; };
		752EF73E207C571F0046743A /* Base */ = {isa = PBXFileReference; lastKnownFileType = file.storyboard; name = Base; path = Base.lproj/LaunchScreen.storyboard; sourceTree = "<group>"; };
		752EF740207C571F0046743A /* Info.plist */ = {isa = PBXFileReference; lastKnownFileType = text.plist.xml; path = Info.plist; sourceTree = "<group>"; };
		752EF745207C571F0046743A /* PulseOfAustinTests.xctest */ = {isa = PBXFileReference; explicitFileType = wrapper.cfbundle; includeInIndex = 0; path = PulseOfAustinTests.xctest; sourceTree = BUILT_PRODUCTS_DIR; };
		752EF749207C571F0046743A /* PulseOfAustinTests.swift */ = {isa = PBXFileReference; lastKnownFileType = sourcecode.swift; path = PulseOfAustinTests.swift; sourceTree = "<group>"; };
		752EF74B207C571F0046743A /* Info.plist */ = {isa = PBXFileReference; lastKnownFileType = text.plist.xml; path = Info.plist; sourceTree = "<group>"; };
		752EF750207C571F0046743A /* PulseOfAustinUITests.xctest */ = {isa = PBXFileReference; explicitFileType = wrapper.cfbundle; includeInIndex = 0; path = PulseOfAustinUITests.xctest; sourceTree = BUILT_PRODUCTS_DIR; };
		752EF754207C571F0046743A /* PulseOfAustinUITests.swift */ = {isa = PBXFileReference; lastKnownFileType = sourcecode.swift; path = PulseOfAustinUITests.swift; sourceTree = "<group>"; };
		752EF756207C57200046743A /* Info.plist */ = {isa = PBXFileReference; lastKnownFileType = text.plist.xml; path = Info.plist; sourceTree = "<group>"; };
		752EF79E207C5DDB0046743A /* GoogleService-Info.plist */ = {isa = PBXFileReference; fileEncoding = 4; lastKnownFileType = text.plist.xml; path = "GoogleService-Info.plist"; sourceTree = "<group>"; };
		752EF7A0207DB1F30046743A /* PulseOfAustin.entitlements */ = {isa = PBXFileReference; lastKnownFileType = text.plist.entitlements; path = PulseOfAustin.entitlements; sourceTree = "<group>"; };
		753E259D20D6C4510020307D /* Onboarding.storyboard */ = {isa = PBXFileReference; lastKnownFileType = file.storyboard; path = Onboarding.storyboard; sourceTree = "<group>"; };
		753E259F20D6C5440020307D /* OnboardingWelcome.swift */ = {isa = PBXFileReference; lastKnownFileType = sourcecode.swift; path = OnboardingWelcome.swift; sourceTree = "<group>"; };
		753E25A120D6D4F90020307D /* OnboardingMain.swift */ = {isa = PBXFileReference; lastKnownFileType = sourcecode.swift; path = OnboardingMain.swift; sourceTree = "<group>"; };
		753E25A320DBD8C10020307D /* OnboardingSlideInfo.xib */ = {isa = PBXFileReference; lastKnownFileType = file.xib; path = OnboardingSlideInfo.xib; sourceTree = "<group>"; };
		753E25A520DBD8D20020307D /* OnboardingSlideInfo.swift */ = {isa = PBXFileReference; lastKnownFileType = sourcecode.swift; path = OnboardingSlideInfo.swift; sourceTree = "<group>"; };
		75519B3D20DEDC1A00463BB1 /* CreateAccount.storyboard */ = {isa = PBXFileReference; lastKnownFileType = file.storyboard; path = CreateAccount.storyboard; sourceTree = "<group>"; };
		75519B3F20DEDC2600463BB1 /* CreateAccount.swift */ = {isa = PBXFileReference; lastKnownFileType = sourcecode.swift; path = CreateAccount.swift; sourceTree = "<group>"; };
		75519B4220DEDC9000463BB1 /* User.swift */ = {isa = PBXFileReference; lastKnownFileType = sourcecode.swift; path = User.swift; sourceTree = "<group>"; };
		75519B4620DEE9C400463BB1 /* Secrets.swift */ = {isa = PBXFileReference; lastKnownFileType = sourcecode.swift; path = Secrets.swift; sourceTree = "<group>"; };
		75519B4820DF00A200463BB1 /* HttpRequests.swift */ = {isa = PBXFileReference; lastKnownFileType = sourcecode.swift; path = HttpRequests.swift; sourceTree = "<group>"; };
		75519B4A20DFEF8500463BB1 /* UITextField+Extension.swift */ = {isa = PBXFileReference; lastKnownFileType = sourcecode.swift; path = "UITextField+Extension.swift"; sourceTree = "<group>"; };
		75519B4D20E924D700463BB1 /* Login.storyboard */ = {isa = PBXFileReference; lastKnownFileType = file.storyboard; path = Login.storyboard; sourceTree = "<group>"; };
		75519B4F20E924EA00463BB1 /* Login.swift */ = {isa = PBXFileReference; lastKnownFileType = sourcecode.swift; path = Login.swift; sourceTree = "<group>"; };
		75519B5320E9335300463BB1 /* UIViewController+Extension.swift */ = {isa = PBXFileReference; lastKnownFileType = sourcecode.swift; path = "UIViewController+Extension.swift"; sourceTree = "<group>"; };
		75519B5520E945F700463BB1 /* NSMutableAttributedString+Extension.swift */ = {isa = PBXFileReference; lastKnownFileType = sourcecode.swift; path = "NSMutableAttributedString+Extension.swift"; sourceTree = "<group>"; };
		755C7BA120824C8F00554399 /* ExploreViewController.swift */ = {isa = PBXFileReference; lastKnownFileType = sourcecode.swift; path = ExploreViewController.swift; sourceTree = "<group>"; };
		755C7BA42082819E00554399 /* UIView+Extension.swift */ = {isa = PBXFileReference; lastKnownFileType = sourcecode.swift; path = "UIView+Extension.swift"; sourceTree = "<group>"; };
		755C7BA62083006E00554399 /* TopicCell.xib */ = {isa = PBXFileReference; lastKnownFileType = file.xib; path = TopicCell.xib; sourceTree = "<group>"; };
		755C7BA82083A5F400554399 /* TopicCell.swift */ = {isa = PBXFileReference; lastKnownFileType = sourcecode.swift; path = TopicCell.swift; sourceTree = "<group>"; };
		755C7BAC2085A05400554399 /* UIColor+Extension.swift */ = {isa = PBXFileReference; lastKnownFileType = sourcecode.swift; path = "UIColor+Extension.swift"; sourceTree = "<group>"; };
		755C7BB1208B89FF00554399 /* UIFont+Extension.swift */ = {isa = PBXFileReference; lastKnownFileType = sourcecode.swift; path = "UIFont+Extension.swift"; sourceTree = "<group>"; };
		755C7BB3208CEA3B00554399 /* TopicInfoViewController.swift */ = {isa = PBXFileReference; lastKnownFileType = sourcecode.swift; path = TopicInfoViewController.swift; sourceTree = "<group>"; };
		7565F18F20CC7B95008DFF27 /* LearnCardsContainer.swift */ = {isa = PBXFileReference; lastKnownFileType = sourcecode.swift; path = LearnCardsContainer.swift; sourceTree = "<group>"; };
		7565F19120CC7BB6008DFF27 /* LearnCardsContainer.xib */ = {isa = PBXFileReference; lastKnownFileType = file.xib; path = LearnCardsContainer.xib; sourceTree = "<group>"; };
		7565F19320CC7CA4008DFF27 /* LearnCard.swift */ = {isa = PBXFileReference; lastKnownFileType = sourcecode.swift; path = LearnCard.swift; sourceTree = "<group>"; };
		7565F19520CC7CC6008DFF27 /* LearnCard.xib */ = {isa = PBXFileReference; lastKnownFileType = file.xib; path = LearnCard.xib; sourceTree = "<group>"; };
		7565F19720CD73F1008DFF27 /* UITextView+Extension.swift */ = {isa = PBXFileReference; lastKnownFileType = sourcecode.swift; path = "UITextView+Extension.swift"; sourceTree = "<group>"; };
		757C0FB120C42E9C0018C560 /* LearnBreakdown.swift */ = {isa = PBXFileReference; lastKnownFileType = sourcecode.swift; path = LearnBreakdown.swift; sourceTree = "<group>"; };
		757C0FB320C42ECC0018C560 /* LearnBreakdown.xib */ = {isa = PBXFileReference; lastKnownFileType = file.xib; path = LearnBreakdown.xib; sourceTree = "<group>"; };
		757C0FB920C4318C0018C560 /* BreakdownView.swift */ = {isa = PBXFileReference; lastKnownFileType = sourcecode.swift; path = BreakdownView.swift; sourceTree = "<group>"; };
		757C0FBB20C431AA0018C560 /* BreakdownView.xib */ = {isa = PBXFileReference; lastKnownFileType = file.xib; path = BreakdownView.xib; sourceTree = "<group>"; };
		757C0FBD20C44DFE0018C560 /* LearnCityRationale.swift */ = {isa = PBXFileReference; lastKnownFileType = sourcecode.swift; path = LearnCityRationale.swift; sourceTree = "<group>"; };
		757C0FBF20C44E0F0018C560 /* LearnCityRationale.xib */ = {isa = PBXFileReference; lastKnownFileType = file.xib; path = LearnCityRationale.xib; sourceTree = "<group>"; };
		757C0FC120C4500C0018C560 /* PerspectiveView.swift */ = {isa = PBXFileReference; lastKnownFileType = sourcecode.swift; path = PerspectiveView.swift; sourceTree = "<group>"; };
		757C0FC320C450320018C560 /* PerspectiveView.xib */ = {isa = PBXFileReference; lastKnownFileType = file.xib; path = PerspectiveView.xib; sourceTree = "<group>"; };
		758BF7E720F6EEDC0032C511 /* HTMLStrings.swift */ = {isa = PBXFileReference; lastKnownFileType = sourcecode.swift; path = HTMLStrings.swift; sourceTree = "<group>"; };
		75B9374F2097451700221467 /* WeighInSelect.xib */ = {isa = PBXFileReference; lastKnownFileType = file.xib; path = WeighInSelect.xib; sourceTree = "<group>"; };
		75B937512097453500221467 /* WeighInSelect.swift */ = {isa = PBXFileReference; lastKnownFileType = sourcecode.swift; path = WeighInSelect.swift; sourceTree = "<group>"; };
		75BCD078209E62B8008AD469 /* WeighInElaborate.swift */ = {isa = PBXFileReference; lastKnownFileType = sourcecode.swift; path = WeighInElaborate.swift; sourceTree = "<group>"; };
		75BCD07A209E62CA008AD469 /* WeighInElaborate.xib */ = {isa = PBXFileReference; lastKnownFileType = file.xib; path = WeighInElaborate.xib; sourceTree = "<group>"; };
		75BCD07C209F4F82008AD469 /* WeighInResults.xib */ = {isa = PBXFileReference; lastKnownFileType = file.xib; path = WeighInResults.xib; sourceTree = "<group>"; };
		75BCD07E209F4F93008AD469 /* WeighInResults.swift */ = {isa = PBXFileReference; lastKnownFileType = sourcecode.swift; path = WeighInResults.swift; sourceTree = "<group>"; };
		75BCD08120A7B741008AD469 /* TopicData.swift */ = {isa = PBXFileReference; lastKnownFileType = sourcecode.swift; path = TopicData.swift; sourceTree = "<group>"; };
		75BDBDB820D5701E00BE0E84 /* WeighInLanding.xib */ = {isa = PBXFileReference; lastKnownFileType = file.xib; path = WeighInLanding.xib; sourceTree = "<group>"; };
		75BDBDBA20D5702E00BE0E84 /* WeighInLanding.swift */ = {isa = PBXFileReference; lastKnownFileType = sourcecode.swift; path = WeighInLanding.swift; sourceTree = "<group>"; };
		75E29F9120EEFEC20086F4D8 /* OnboardingLastSlide.xib */ = {isa = PBXFileReference; lastKnownFileType = file.xib; path = OnboardingLastSlide.xib; sourceTree = "<group>"; };
		75E29F9320EEFED50086F4D8 /* OnboardingLastSlide.swift */ = {isa = PBXFileReference; lastKnownFileType = sourcecode.swift; path = OnboardingLastSlide.swift; sourceTree = "<group>"; };
		75FE51B020C301EF00ABE7FD /* LearnLanding.swift */ = {isa = PBXFileReference; lastKnownFileType = sourcecode.swift; path = LearnLanding.swift; sourceTree = "<group>"; };
		75FE51B220C3020F00ABE7FD /* LearnLanding.xib */ = {isa = PBXFileReference; lastKnownFileType = file.xib; path = LearnLanding.xib; sourceTree = "<group>"; };
		75FE51B820C38B4700ABE7FD /* LearnOverview.swift */ = {isa = PBXFileReference; lastKnownFileType = sourcecode.swift; path = LearnOverview.swift; sourceTree = "<group>"; };
		75FE51BA20C38B5400ABE7FD /* LearnOverview.xib */ = {isa = PBXFileReference; lastKnownFileType = file.xib; path = LearnOverview.xib; sourceTree = "<group>"; };
		BCC68766280D23F4FDB3A389 /* Pods_PulseOfAustin.framework */ = {isa = PBXFileReference; explicitFileType = wrapper.framework; includeInIndex = 0; path = Pods_PulseOfAustin.framework; sourceTree = BUILT_PRODUCTS_DIR; };
		C310411AC8AB4F4D53F8B098 /* Pods-PulseOfAustin.release.xcconfig */ = {isa = PBXFileReference; includeInIndex = 1; lastKnownFileType = text.xcconfig; name = "Pods-PulseOfAustin.release.xcconfig"; path = "Pods/Target Support Files/Pods-PulseOfAustin/Pods-PulseOfAustin.release.xcconfig"; sourceTree = "<group>"; };
		CC82091359B9ADBCBD629B71 /* Pods_PulseOfAustinUITests.framework */ = {isa = PBXFileReference; explicitFileType = wrapper.framework; includeInIndex = 0; path = Pods_PulseOfAustinUITests.framework; sourceTree = BUILT_PRODUCTS_DIR; };
		D0A7B1A558BA891C37B0D6BC /* Pods-PulseOfAustin.debug.xcconfig */ = {isa = PBXFileReference; includeInIndex = 1; lastKnownFileType = text.xcconfig; name = "Pods-PulseOfAustin.debug.xcconfig"; path = "Pods/Target Support Files/Pods-PulseOfAustin/Pods-PulseOfAustin.debug.xcconfig"; sourceTree = "<group>"; };
		D74179BCA617CE73C4797A09 /* Pods-PulseOfAustinUITests.release.xcconfig */ = {isa = PBXFileReference; includeInIndex = 1; lastKnownFileType = text.xcconfig; name = "Pods-PulseOfAustinUITests.release.xcconfig"; path = "Pods/Target Support Files/Pods-PulseOfAustinUITests/Pods-PulseOfAustinUITests.release.xcconfig"; sourceTree = "<group>"; };
		F15A4FA94A6E3E3DDC6FE669 /* Pods_PulseOfAustinTests.framework */ = {isa = PBXFileReference; explicitFileType = wrapper.framework; includeInIndex = 0; path = Pods_PulseOfAustinTests.framework; sourceTree = BUILT_PRODUCTS_DIR; };
/* End PBXFileReference section */

/* Begin PBXFrameworksBuildPhase section */
		752EF72E207C571E0046743A /* Frameworks */ = {
			isa = PBXFrameworksBuildPhase;
			buildActionMask = 2147483647;
			files = (
				D067027E010FB376B0C60023 /* Pods_PulseOfAustin.framework in Frameworks */,
			);
			runOnlyForDeploymentPostprocessing = 0;
		};
		752EF742207C571F0046743A /* Frameworks */ = {
			isa = PBXFrameworksBuildPhase;
			buildActionMask = 2147483647;
			files = (
				CA6FA69E21AFC2166D0253FE /* Pods_PulseOfAustinTests.framework in Frameworks */,
			);
			runOnlyForDeploymentPostprocessing = 0;
		};
		752EF74D207C571F0046743A /* Frameworks */ = {
			isa = PBXFrameworksBuildPhase;
			buildActionMask = 2147483647;
			files = (
				1729DF49812CC001A7AD4155 /* Pods_PulseOfAustinUITests.framework in Frameworks */,
			);
			runOnlyForDeploymentPostprocessing = 0;
		};
/* End PBXFrameworksBuildPhase section */

/* Begin PBXGroup section */
		001ABABBC219A2EF1932A0AA /* Pods */ = {
			isa = PBXGroup;
			children = (
				D0A7B1A558BA891C37B0D6BC /* Pods-PulseOfAustin.debug.xcconfig */,
				C310411AC8AB4F4D53F8B098 /* Pods-PulseOfAustin.release.xcconfig */,
				31B611E7E7965329B57117F1 /* Pods-PulseOfAustinTests.debug.xcconfig */,
				30C670D4521ABF043271430D /* Pods-PulseOfAustinTests.release.xcconfig */,
				00E95310D79D8FF36DB70F5A /* Pods-PulseOfAustinUITests.debug.xcconfig */,
				D74179BCA617CE73C4797A09 /* Pods-PulseOfAustinUITests.release.xcconfig */,
			);
			name = Pods;
			sourceTree = "<group>";
		};
		4AB1A171B97E9D3ADF8D5E68 /* Frameworks */ = {
			isa = PBXGroup;
			children = (
				BCC68766280D23F4FDB3A389 /* Pods_PulseOfAustin.framework */,
				F15A4FA94A6E3E3DDC6FE669 /* Pods_PulseOfAustinTests.framework */,
				CC82091359B9ADBCBD629B71 /* Pods_PulseOfAustinUITests.framework */,
			);
			name = Frameworks;
			sourceTree = "<group>";
		};
		752137E020C2F5DB002C8A89 /* Learn */ = {
			isa = PBXGroup;
			children = (
				75FE51B020C301EF00ABE7FD /* LearnLanding.swift */,
				75FE51B220C3020F00ABE7FD /* LearnLanding.xib */,
				75FE51B820C38B4700ABE7FD /* LearnOverview.swift */,
				75FE51BA20C38B5400ABE7FD /* LearnOverview.xib */,
				757C0FB120C42E9C0018C560 /* LearnBreakdown.swift */,
				757C0FB320C42ECC0018C560 /* LearnBreakdown.xib */,
				757C0FBD20C44DFE0018C560 /* LearnCityRationale.swift */,
				757C0FBF20C44E0F0018C560 /* LearnCityRationale.xib */,
				7565F18F20CC7B95008DFF27 /* LearnCardsContainer.swift */,
				7565F19120CC7BB6008DFF27 /* LearnCardsContainer.xib */,
				7565F19320CC7CA4008DFF27 /* LearnCard.swift */,
				7565F19520CC7CC6008DFF27 /* LearnCard.xib */,
			);
			path = Learn;
			sourceTree = "<group>";
		};
		752EF728207C571E0046743A = {
			isa = PBXGroup;
			children = (
				752EF733207C571E0046743A /* PulseOfAustin */,
				752EF748207C571F0046743A /* PulseOfAustinTests */,
				752EF753207C571F0046743A /* PulseOfAustinUITests */,
				752EF732207C571E0046743A /* Products */,
				001ABABBC219A2EF1932A0AA /* Pods */,
				4AB1A171B97E9D3ADF8D5E68 /* Frameworks */,
			);
			sourceTree = "<group>";
		};
		752EF732207C571E0046743A /* Products */ = {
			isa = PBXGroup;
			children = (
				752EF731207C571E0046743A /* PulseOfAustin.app */,
				752EF745207C571F0046743A /* PulseOfAustinTests.xctest */,
				752EF750207C571F0046743A /* PulseOfAustinUITests.xctest */,
			);
			name = Products;
			sourceTree = "<group>";
		};
		752EF733207C571E0046743A /* PulseOfAustin */ = {
			isa = PBXGroup;
			children = (
				75BCD08020A7B6C6008AD469 /* Data */,
				75519B4420DEE1D100463BB1 /* Server */,
				75519B4120DEDC8200463BB1 /* Model */,
				755C7BA32082818B00554399 /* Extensions */,
				75519B4C20E9249100463BB1 /* Login */,
				75519B3C20DEDBE400463BB1 /* CreateAccount */,
				755C7B9E20824BCF00554399 /* Explore */,
				753E259C20D6C42D0020307D /* Onboarding */,
				755C7BAE2088C5EA00554399 /* Topic */,
				757C0FB820C4313F0018C560 /* Views */,
				752EF7A0207DB1F30046743A /* PulseOfAustin.entitlements */,
				752EF79E207C5DDB0046743A /* GoogleService-Info.plist */,
				752EF734207C571E0046743A /* AppDelegate.swift */,
				752EF736207C571E0046743A /* HomeViewController.swift */,
				752EF738207C571E0046743A /* Main.storyboard */,
				752EF73B207C571F0046743A /* Assets.xcassets */,
				752EF73D207C571F0046743A /* LaunchScreen.storyboard */,
				752EF740207C571F0046743A /* Info.plist */,
			);
			path = PulseOfAustin;
			sourceTree = "<group>";
		};
		752EF748207C571F0046743A /* PulseOfAustinTests */ = {
			isa = PBXGroup;
			children = (
				752EF749207C571F0046743A /* PulseOfAustinTests.swift */,
				752EF74B207C571F0046743A /* Info.plist */,
			);
			path = PulseOfAustinTests;
			sourceTree = "<group>";
		};
		752EF753207C571F0046743A /* PulseOfAustinUITests */ = {
			isa = PBXGroup;
			children = (
				752EF754207C571F0046743A /* PulseOfAustinUITests.swift */,
				752EF756207C57200046743A /* Info.plist */,
			);
			path = PulseOfAustinUITests;
			sourceTree = "<group>";
		};
		753E259C20D6C42D0020307D /* Onboarding */ = {
			isa = PBXGroup;
			children = (
				753E259D20D6C4510020307D /* Onboarding.storyboard */,
				753E259F20D6C5440020307D /* OnboardingWelcome.swift */,
				753E25A120D6D4F90020307D /* OnboardingMain.swift */,
				753E25A320DBD8C10020307D /* OnboardingSlideInfo.xib */,
				753E25A520DBD8D20020307D /* OnboardingSlideInfo.swift */,
				75E29F9120EEFEC20086F4D8 /* OnboardingLastSlide.xib */,
				75E29F9320EEFED50086F4D8 /* OnboardingLastSlide.swift */,
			);
			path = Onboarding;
			sourceTree = "<group>";
		};
		75519B3C20DEDBE400463BB1 /* CreateAccount */ = {
			isa = PBXGroup;
			children = (
				75519B3D20DEDC1A00463BB1 /* CreateAccount.storyboard */,
				75519B3F20DEDC2600463BB1 /* CreateAccount.swift */,
			);
			path = CreateAccount;
			sourceTree = "<group>";
		};
		75519B4120DEDC8200463BB1 /* Model */ = {
			isa = PBXGroup;
			children = (
				75519B4220DEDC9000463BB1 /* User.swift */,
			);
			path = Model;
			sourceTree = "<group>";
		};
		75519B4420DEE1D100463BB1 /* Server */ = {
			isa = PBXGroup;
			children = (
				75519B4620DEE9C400463BB1 /* Secrets.swift */,
				75519B4820DF00A200463BB1 /* HttpRequests.swift */,
			);
			path = Server;
			sourceTree = "<group>";
		};
		75519B4C20E9249100463BB1 /* Login */ = {
			isa = PBXGroup;
			children = (
				75519B4D20E924D700463BB1 /* Login.storyboard */,
				75519B4F20E924EA00463BB1 /* Login.swift */,
			);
			path = Login;
			sourceTree = "<group>";
		};
		755C7B9E20824BCF00554399 /* Explore */ = {
			isa = PBXGroup;
			children = (
				755C7BA120824C8F00554399 /* ExploreViewController.swift */,
				755C7BA62083006E00554399 /* TopicCell.xib */,
				755C7BA82083A5F400554399 /* TopicCell.swift */,
			);
			path = Explore;
			sourceTree = "<group>";
		};
		755C7BA32082818B00554399 /* Extensions */ = {
			isa = PBXGroup;
			children = (
				755C7BA42082819E00554399 /* UIView+Extension.swift */,
				755C7BAC2085A05400554399 /* UIColor+Extension.swift */,
				755C7BB1208B89FF00554399 /* UIFont+Extension.swift */,
				7565F19720CD73F1008DFF27 /* UITextView+Extension.swift */,
				75519B4A20DFEF8500463BB1 /* UITextField+Extension.swift */,
				75519B5320E9335300463BB1 /* UIViewController+Extension.swift */,
				75519B5520E945F700463BB1 /* NSMutableAttributedString+Extension.swift */,
			);
			path = Extensions;
			sourceTree = "<group>";
		};
		755C7BAE2088C5EA00554399 /* Topic */ = {
			isa = PBXGroup;
			children = (
				752137E020C2F5DB002C8A89 /* Learn */,
				75BCD077209E628B008AD469 /* WeighIn */,
				755C7BB3208CEA3B00554399 /* TopicInfoViewController.swift */,
			);
			path = Topic;
			sourceTree = "<group>";
		};
		757C0FB820C4313F0018C560 /* Views */ = {
			isa = PBXGroup;
			children = (
				757C0FB920C4318C0018C560 /* BreakdownView.swift */,
				757C0FBB20C431AA0018C560 /* BreakdownView.xib */,
				757C0FC120C4500C0018C560 /* PerspectiveView.swift */,
				757C0FC320C450320018C560 /* PerspectiveView.xib */,
			);
			path = Views;
			sourceTree = "<group>";
		};
		75BCD077209E628B008AD469 /* WeighIn */ = {
			isa = PBXGroup;
			children = (
				75BDBDB820D5701E00BE0E84 /* WeighInLanding.xib */,
				75BDBDBA20D5702E00BE0E84 /* WeighInLanding.swift */,
				75B9374F2097451700221467 /* WeighInSelect.xib */,
				75B937512097453500221467 /* WeighInSelect.swift */,
				75BCD07A209E62CA008AD469 /* WeighInElaborate.xib */,
				75BCD078209E62B8008AD469 /* WeighInElaborate.swift */,
				75BCD07C209F4F82008AD469 /* WeighInResults.xib */,
				75BCD07E209F4F93008AD469 /* WeighInResults.swift */,
			);
			path = WeighIn;
			sourceTree = "<group>";
		};
		75BCD08020A7B6C6008AD469 /* Data */ = {
			isa = PBXGroup;
			children = (
				75BCD08120A7B741008AD469 /* TopicData.swift */,
				758BF7E720F6EEDC0032C511 /* HTMLStrings.swift */,
			);
			path = Data;
			sourceTree = "<group>";
		};
/* End PBXGroup section */

/* Begin PBXNativeTarget section */
		752EF730207C571E0046743A /* PulseOfAustin */ = {
			isa = PBXNativeTarget;
			buildConfigurationList = 752EF759207C57200046743A /* Build configuration list for PBXNativeTarget "PulseOfAustin" */;
			buildPhases = (
				8E17318E4DCD34A5ED2FC80A /* [CP] Check Pods Manifest.lock */,
				752EF72D207C571E0046743A /* Sources */,
				752EF72E207C571E0046743A /* Frameworks */,
				752EF72F207C571E0046743A /* Resources */,
				AB47E0E930C40B9BF91ADDB3 /* [CP] Embed Pods Frameworks */,
			);
			buildRules = (
			);
			dependencies = (
			);
			name = PulseOfAustin;
			productName = PulseOfAustin;
			productReference = 752EF731207C571E0046743A /* PulseOfAustin.app */;
			productType = "com.apple.product-type.application";
		};
		752EF744207C571F0046743A /* PulseOfAustinTests */ = {
			isa = PBXNativeTarget;
			buildConfigurationList = 752EF75C207C57200046743A /* Build configuration list for PBXNativeTarget "PulseOfAustinTests" */;
			buildPhases = (
				C9D6AD3E02E26869CFC69490 /* [CP] Check Pods Manifest.lock */,
				752EF741207C571F0046743A /* Sources */,
				752EF742207C571F0046743A /* Frameworks */,
				752EF743207C571F0046743A /* Resources */,
			);
			buildRules = (
			);
			dependencies = (
				752EF747207C571F0046743A /* PBXTargetDependency */,
			);
			name = PulseOfAustinTests;
			productName = PulseOfAustinTests;
			productReference = 752EF745207C571F0046743A /* PulseOfAustinTests.xctest */;
			productType = "com.apple.product-type.bundle.unit-test";
		};
		752EF74F207C571F0046743A /* PulseOfAustinUITests */ = {
			isa = PBXNativeTarget;
			buildConfigurationList = 752EF75F207C57200046743A /* Build configuration list for PBXNativeTarget "PulseOfAustinUITests" */;
			buildPhases = (
				ACC54FB044B64525B185CA20 /* [CP] Check Pods Manifest.lock */,
				752EF74C207C571F0046743A /* Sources */,
				752EF74D207C571F0046743A /* Frameworks */,
				752EF74E207C571F0046743A /* Resources */,
			);
			buildRules = (
			);
			dependencies = (
				752EF752207C571F0046743A /* PBXTargetDependency */,
			);
			name = PulseOfAustinUITests;
			productName = PulseOfAustinUITests;
			productReference = 752EF750207C571F0046743A /* PulseOfAustinUITests.xctest */;
			productType = "com.apple.product-type.bundle.ui-testing";
		};
/* End PBXNativeTarget section */

/* Begin PBXProject section */
		752EF729207C571E0046743A /* Project object */ = {
			isa = PBXProject;
			attributes = {
				LastSwiftUpdateCheck = 0930;
				LastUpgradeCheck = 0930;
				ORGANIZATIONNAME = "Paul Carroll";
				TargetAttributes = {
					752EF730207C571E0046743A = {
						CreatedOnToolsVersion = 9.3;
						SystemCapabilities = {
							com.apple.Push = {
								enabled = 1;
							};
						};
					};
					752EF744207C571F0046743A = {
						CreatedOnToolsVersion = 9.3;
						TestTargetID = 752EF730207C571E0046743A;
					};
					752EF74F207C571F0046743A = {
						CreatedOnToolsVersion = 9.3;
						TestTargetID = 752EF730207C571E0046743A;
					};
				};
			};
			buildConfigurationList = 752EF72C207C571E0046743A /* Build configuration list for PBXProject "PulseOfAustin" */;
			compatibilityVersion = "Xcode 9.3";
			developmentRegion = en;
			hasScannedForEncodings = 0;
			knownRegions = (
				en,
				Base,
			);
			mainGroup = 752EF728207C571E0046743A;
			productRefGroup = 752EF732207C571E0046743A /* Products */;
			projectDirPath = "";
			projectRoot = "";
			targets = (
				752EF730207C571E0046743A /* PulseOfAustin */,
				752EF744207C571F0046743A /* PulseOfAustinTests */,
				752EF74F207C571F0046743A /* PulseOfAustinUITests */,
			);
		};
/* End PBXProject section */

/* Begin PBXResourcesBuildPhase section */
		752EF72F207C571E0046743A /* Resources */ = {
			isa = PBXResourcesBuildPhase;
			buildActionMask = 2147483647;
			files = (
				752EF73F207C571F0046743A /* LaunchScreen.storyboard in Resources */,
				752EF79F207C5DDB0046743A /* GoogleService-Info.plist in Resources */,
				75519B4E20E924D700463BB1 /* Login.storyboard in Resources */,
				752EF73C207C571F0046743A /* Assets.xcassets in Resources */,
				75BDBDB920D5701E00BE0E84 /* WeighInLanding.xib in Resources */,
				752EF73A207C571E0046743A /* Main.storyboard in Resources */,
				757C0FB420C42ECC0018C560 /* LearnBreakdown.xib in Resources */,
				75FE51B320C3020F00ABE7FD /* LearnLanding.xib in Resources */,
				757C0FBC20C431AA0018C560 /* BreakdownView.xib in Resources */,
				757C0FC020C44E0F0018C560 /* LearnCityRationale.xib in Resources */,
				755C7BA72083006E00554399 /* TopicCell.xib in Resources */,
				75B937502097451700221467 /* WeighInSelect.xib in Resources */,
				7565F19620CC7CC6008DFF27 /* LearnCard.xib in Resources */,
				75519B3E20DEDC1A00463BB1 /* CreateAccount.storyboard in Resources */,
				75FE51BB20C38B5400ABE7FD /* LearnOverview.xib in Resources */,
				75BCD07B209E62CA008AD469 /* WeighInElaborate.xib in Resources */,
				753E25A420DBD8C10020307D /* OnboardingSlideInfo.xib in Resources */,
				7565F19220CC7BB6008DFF27 /* LearnCardsContainer.xib in Resources */,
				753E259E20D6C4510020307D /* Onboarding.storyboard in Resources */,
				75BCD07D209F4F82008AD469 /* WeighInResults.xib in Resources */,
				75E29F9220EEFEC20086F4D8 /* OnboardingLastSlide.xib in Resources */,
				757C0FC420C450320018C560 /* PerspectiveView.xib in Resources */,
			);
			runOnlyForDeploymentPostprocessing = 0;
		};
		752EF743207C571F0046743A /* Resources */ = {
			isa = PBXResourcesBuildPhase;
			buildActionMask = 2147483647;
			files = (
			);
			runOnlyForDeploymentPostprocessing = 0;
		};
		752EF74E207C571F0046743A /* Resources */ = {
			isa = PBXResourcesBuildPhase;
			buildActionMask = 2147483647;
			files = (
			);
			runOnlyForDeploymentPostprocessing = 0;
		};
/* End PBXResourcesBuildPhase section */

/* Begin PBXShellScriptBuildPhase section */
		8E17318E4DCD34A5ED2FC80A /* [CP] Check Pods Manifest.lock */ = {
			isa = PBXShellScriptBuildPhase;
			buildActionMask = 2147483647;
			files = (
			);
			inputPaths = (
				"${PODS_PODFILE_DIR_PATH}/Podfile.lock",
				"${PODS_ROOT}/Manifest.lock",
			);
			name = "[CP] Check Pods Manifest.lock";
			outputPaths = (
				"$(DERIVED_FILE_DIR)/Pods-PulseOfAustin-checkManifestLockResult.txt",
			);
			runOnlyForDeploymentPostprocessing = 0;
			shellPath = /bin/sh;
			shellScript = "diff \"${PODS_PODFILE_DIR_PATH}/Podfile.lock\" \"${PODS_ROOT}/Manifest.lock\" > /dev/null\nif [ $? != 0 ] ; then\n    # print error to STDERR\n    echo \"error: The sandbox is not in sync with the Podfile.lock. Run 'pod install' or update your CocoaPods installation.\" >&2\n    exit 1\nfi\n# This output is used by Xcode 'outputs' to avoid re-running this script phase.\necho \"SUCCESS\" > \"${SCRIPT_OUTPUT_FILE_0}\"\n";
			showEnvVarsInLog = 0;
		};
		AB47E0E930C40B9BF91ADDB3 /* [CP] Embed Pods Frameworks */ = {
			isa = PBXShellScriptBuildPhase;
			buildActionMask = 2147483647;
			files = (
			);
			inputPaths = (
				"${SRCROOT}/Pods/Target Support Files/Pods-PulseOfAustin/Pods-PulseOfAustin-frameworks.sh",
				"${BUILT_PRODUCTS_DIR}/Alamofire/Alamofire.framework",
				"${BUILT_PRODUCTS_DIR}/GoogleToolboxForMac/GoogleToolboxForMac.framework",
				"${BUILT_PRODUCTS_DIR}/Protobuf/Protobuf.framework",
				"${BUILT_PRODUCTS_DIR}/leveldb-library/leveldb.framework",
				"${BUILT_PRODUCTS_DIR}/nanopb/nanopb.framework",
			);
			name = "[CP] Embed Pods Frameworks";
			outputPaths = (
				"${TARGET_BUILD_DIR}/${FRAMEWORKS_FOLDER_PATH}/Alamofire.framework",
				"${TARGET_BUILD_DIR}/${FRAMEWORKS_FOLDER_PATH}/GoogleToolboxForMac.framework",
				"${TARGET_BUILD_DIR}/${FRAMEWORKS_FOLDER_PATH}/Protobuf.framework",
				"${TARGET_BUILD_DIR}/${FRAMEWORKS_FOLDER_PATH}/leveldb.framework",
				"${TARGET_BUILD_DIR}/${FRAMEWORKS_FOLDER_PATH}/nanopb.framework",
			);
			runOnlyForDeploymentPostprocessing = 0;
			shellPath = /bin/sh;
			shellScript = "\"${SRCROOT}/Pods/Target Support Files/Pods-PulseOfAustin/Pods-PulseOfAustin-frameworks.sh\"\n";
			showEnvVarsInLog = 0;
		};
		ACC54FB044B64525B185CA20 /* [CP] Check Pods Manifest.lock */ = {
			isa = PBXShellScriptBuildPhase;
			buildActionMask = 2147483647;
			files = (
			);
			inputPaths = (
				"${PODS_PODFILE_DIR_PATH}/Podfile.lock",
				"${PODS_ROOT}/Manifest.lock",
			);
			name = "[CP] Check Pods Manifest.lock";
			outputPaths = (
				"$(DERIVED_FILE_DIR)/Pods-PulseOfAustinUITests-checkManifestLockResult.txt",
			);
			runOnlyForDeploymentPostprocessing = 0;
			shellPath = /bin/sh;
			shellScript = "diff \"${PODS_PODFILE_DIR_PATH}/Podfile.lock\" \"${PODS_ROOT}/Manifest.lock\" > /dev/null\nif [ $? != 0 ] ; then\n    # print error to STDERR\n    echo \"error: The sandbox is not in sync with the Podfile.lock. Run 'pod install' or update your CocoaPods installation.\" >&2\n    exit 1\nfi\n# This output is used by Xcode 'outputs' to avoid re-running this script phase.\necho \"SUCCESS\" > \"${SCRIPT_OUTPUT_FILE_0}\"\n";
			showEnvVarsInLog = 0;
		};
		C9D6AD3E02E26869CFC69490 /* [CP] Check Pods Manifest.lock */ = {
			isa = PBXShellScriptBuildPhase;
			buildActionMask = 2147483647;
			files = (
			);
			inputPaths = (
				"${PODS_PODFILE_DIR_PATH}/Podfile.lock",
				"${PODS_ROOT}/Manifest.lock",
			);
			name = "[CP] Check Pods Manifest.lock";
			outputPaths = (
				"$(DERIVED_FILE_DIR)/Pods-PulseOfAustinTests-checkManifestLockResult.txt",
			);
			runOnlyForDeploymentPostprocessing = 0;
			shellPath = /bin/sh;
			shellScript = "diff \"${PODS_PODFILE_DIR_PATH}/Podfile.lock\" \"${PODS_ROOT}/Manifest.lock\" > /dev/null\nif [ $? != 0 ] ; then\n    # print error to STDERR\n    echo \"error: The sandbox is not in sync with the Podfile.lock. Run 'pod install' or update your CocoaPods installation.\" >&2\n    exit 1\nfi\n# This output is used by Xcode 'outputs' to avoid re-running this script phase.\necho \"SUCCESS\" > \"${SCRIPT_OUTPUT_FILE_0}\"\n";
			showEnvVarsInLog = 0;
		};
/* End PBXShellScriptBuildPhase section */

/* Begin PBXSourcesBuildPhase section */
		752EF72D207C571E0046743A /* Sources */ = {
			isa = PBXSourcesBuildPhase;
			buildActionMask = 2147483647;
			files = (
				75519B5420E9335300463BB1 /* UIViewController+Extension.swift in Sources */,
				75BCD07F209F4F93008AD469 /* WeighInResults.swift in Sources */,
				755C7BAD2085A05400554399 /* UIColor+Extension.swift in Sources */,
				757C0FC220C4500C0018C560 /* PerspectiveView.swift in Sources */,
				75519B5020E924EA00463BB1 /* Login.swift in Sources */,
				755C7BB4208CEA3B00554399 /* TopicInfoViewController.swift in Sources */,
				75FE51B920C38B4700ABE7FD /* LearnOverview.swift in Sources */,
				75519B4320DEDC9000463BB1 /* User.swift in Sources */,
				75BCD079209E62B8008AD469 /* WeighInElaborate.swift in Sources */,
				7565F19420CC7CA4008DFF27 /* LearnCard.swift in Sources */,
				75E29F9420EEFED50086F4D8 /* OnboardingLastSlide.swift in Sources */,
				753E25A020D6C5440020307D /* OnboardingWelcome.swift in Sources */,
				75519B4B20DFEF8500463BB1 /* UITextField+Extension.swift in Sources */,
				75519B4720DEE9C400463BB1 /* Secrets.swift in Sources */,
				757C0FBA20C4318C0018C560 /* BreakdownView.swift in Sources */,
				752EF737207C571E0046743A /* HomeViewController.swift in Sources */,
				758BF7E820F6EEDC0032C511 /* HTMLStrings.swift in Sources */,
				752EF735207C571E0046743A /* AppDelegate.swift in Sources */,
				7565F19020CC7B95008DFF27 /* LearnCardsContainer.swift in Sources */,
				75FE51B120C301EF00ABE7FD /* LearnLanding.swift in Sources */,
				7565F19820CD73F1008DFF27 /* UITextView+Extension.swift in Sources */,
				755C7BA52082819E00554399 /* UIView+Extension.swift in Sources */,
				755C7BA92083A5F400554399 /* TopicCell.swift in Sources */,
				753E25A620DBD8D20020307D /* OnboardingSlideInfo.swift in Sources */,
				75519B4920DF00A200463BB1 /* HttpRequests.swift in Sources */,
				75519B4020DEDC2600463BB1 /* CreateAccount.swift in Sources */,
				75519B5620E945F700463BB1 /* NSMutableAttributedString+Extension.swift in Sources */,
				75B937522097453500221467 /* WeighInSelect.swift in Sources */,
				757C0FBE20C44DFE0018C560 /* LearnCityRationale.swift in Sources */,
				755C7BB2208B89FF00554399 /* UIFont+Extension.swift in Sources */,
				755C7BA220824C8F00554399 /* ExploreViewController.swift in Sources */,
				757C0FB220C42E9C0018C560 /* LearnBreakdown.swift in Sources */,
				75BDBDBB20D5702E00BE0E84 /* WeighInLanding.swift in Sources */,
				75BCD08220A7B741008AD469 /* TopicData.swift in Sources */,
				753E25A220D6D4F90020307D /* OnboardingMain.swift in Sources */,
			);
			runOnlyForDeploymentPostprocessing = 0;
		};
		752EF741207C571F0046743A /* Sources */ = {
			isa = PBXSourcesBuildPhase;
			buildActionMask = 2147483647;
			files = (
				752EF74A207C571F0046743A /* PulseOfAustinTests.swift in Sources */,
			);
			runOnlyForDeploymentPostprocessing = 0;
		};
		752EF74C207C571F0046743A /* Sources */ = {
			isa = PBXSourcesBuildPhase;
			buildActionMask = 2147483647;
			files = (
				752EF755207C571F0046743A /* PulseOfAustinUITests.swift in Sources */,
			);
			runOnlyForDeploymentPostprocessing = 0;
		};
/* End PBXSourcesBuildPhase section */

/* Begin PBXTargetDependency section */
		752EF747207C571F0046743A /* PBXTargetDependency */ = {
			isa = PBXTargetDependency;
			target = 752EF730207C571E0046743A /* PulseOfAustin */;
			targetProxy = 752EF746207C571F0046743A /* PBXContainerItemProxy */;
		};
		752EF752207C571F0046743A /* PBXTargetDependency */ = {
			isa = PBXTargetDependency;
			target = 752EF730207C571E0046743A /* PulseOfAustin */;
			targetProxy = 752EF751207C571F0046743A /* PBXContainerItemProxy */;
		};
/* End PBXTargetDependency section */

/* Begin PBXVariantGroup section */
		752EF738207C571E0046743A /* Main.storyboard */ = {
			isa = PBXVariantGroup;
			children = (
				752EF739207C571E0046743A /* Base */,
			);
			name = Main.storyboard;
			sourceTree = "<group>";
		};
		752EF73D207C571F0046743A /* LaunchScreen.storyboard */ = {
			isa = PBXVariantGroup;
			children = (
				752EF73E207C571F0046743A /* Base */,
			);
			name = LaunchScreen.storyboard;
			sourceTree = "<group>";
		};
/* End PBXVariantGroup section */

/* Begin XCBuildConfiguration section */
		752EF757207C57200046743A /* Debug */ = {
			isa = XCBuildConfiguration;
			buildSettings = {
				ALWAYS_SEARCH_USER_PATHS = NO;
				CLANG_ANALYZER_NONNULL = YES;
				CLANG_ANALYZER_NUMBER_OBJECT_CONVERSION = YES_AGGRESSIVE;
				CLANG_CXX_LANGUAGE_STANDARD = "gnu++14";
				CLANG_CXX_LIBRARY = "libc++";
				CLANG_ENABLE_MODULES = YES;
				CLANG_ENABLE_OBJC_ARC = YES;
				CLANG_ENABLE_OBJC_WEAK = YES;
				CLANG_WARN_BLOCK_CAPTURE_AUTORELEASING = YES;
				CLANG_WARN_BOOL_CONVERSION = YES;
				CLANG_WARN_COMMA = YES;
				CLANG_WARN_CONSTANT_CONVERSION = YES;
				CLANG_WARN_DEPRECATED_OBJC_IMPLEMENTATIONS = YES;
				CLANG_WARN_DIRECT_OBJC_ISA_USAGE = YES_ERROR;
				CLANG_WARN_DOCUMENTATION_COMMENTS = YES;
				CLANG_WARN_EMPTY_BODY = YES;
				CLANG_WARN_ENUM_CONVERSION = YES;
				CLANG_WARN_INFINITE_RECURSION = YES;
				CLANG_WARN_INT_CONVERSION = YES;
				CLANG_WARN_NON_LITERAL_NULL_CONVERSION = YES;
				CLANG_WARN_OBJC_IMPLICIT_RETAIN_SELF = YES;
				CLANG_WARN_OBJC_LITERAL_CONVERSION = YES;
				CLANG_WARN_OBJC_ROOT_CLASS = YES_ERROR;
				CLANG_WARN_RANGE_LOOP_ANALYSIS = YES;
				CLANG_WARN_STRICT_PROTOTYPES = YES;
				CLANG_WARN_SUSPICIOUS_MOVE = YES;
				CLANG_WARN_UNGUARDED_AVAILABILITY = YES_AGGRESSIVE;
				CLANG_WARN_UNREACHABLE_CODE = YES;
				CLANG_WARN__DUPLICATE_METHOD_MATCH = YES;
				CODE_SIGN_IDENTITY = "iPhone Developer";
				COPY_PHASE_STRIP = NO;
				DEBUG_INFORMATION_FORMAT = dwarf;
				ENABLE_STRICT_OBJC_MSGSEND = YES;
				ENABLE_TESTABILITY = YES;
				GCC_C_LANGUAGE_STANDARD = gnu11;
				GCC_DYNAMIC_NO_PIC = NO;
				GCC_NO_COMMON_BLOCKS = YES;
				GCC_OPTIMIZATION_LEVEL = 0;
				GCC_PREPROCESSOR_DEFINITIONS = (
					"DEBUG=1",
					"$(inherited)",
				);
				GCC_WARN_64_TO_32_BIT_CONVERSION = YES;
				GCC_WARN_ABOUT_RETURN_TYPE = YES_ERROR;
				GCC_WARN_UNDECLARED_SELECTOR = YES;
				GCC_WARN_UNINITIALIZED_AUTOS = YES_AGGRESSIVE;
				GCC_WARN_UNUSED_FUNCTION = YES;
				GCC_WARN_UNUSED_VARIABLE = YES;
				IPHONEOS_DEPLOYMENT_TARGET = 11.3;
				MTL_ENABLE_DEBUG_INFO = YES;
				ONLY_ACTIVE_ARCH = YES;
				SDKROOT = iphoneos;
				SWIFT_ACTIVE_COMPILATION_CONDITIONS = DEBUG;
				SWIFT_OPTIMIZATION_LEVEL = "-Onone";
			};
			name = Debug;
		};
		752EF758207C57200046743A /* Release */ = {
			isa = XCBuildConfiguration;
			buildSettings = {
				ALWAYS_SEARCH_USER_PATHS = NO;
				CLANG_ANALYZER_NONNULL = YES;
				CLANG_ANALYZER_NUMBER_OBJECT_CONVERSION = YES_AGGRESSIVE;
				CLANG_CXX_LANGUAGE_STANDARD = "gnu++14";
				CLANG_CXX_LIBRARY = "libc++";
				CLANG_ENABLE_MODULES = YES;
				CLANG_ENABLE_OBJC_ARC = YES;
				CLANG_ENABLE_OBJC_WEAK = YES;
				CLANG_WARN_BLOCK_CAPTURE_AUTORELEASING = YES;
				CLANG_WARN_BOOL_CONVERSION = YES;
				CLANG_WARN_COMMA = YES;
				CLANG_WARN_CONSTANT_CONVERSION = YES;
				CLANG_WARN_DEPRECATED_OBJC_IMPLEMENTATIONS = YES;
				CLANG_WARN_DIRECT_OBJC_ISA_USAGE = YES_ERROR;
				CLANG_WARN_DOCUMENTATION_COMMENTS = YES;
				CLANG_WARN_EMPTY_BODY = YES;
				CLANG_WARN_ENUM_CONVERSION = YES;
				CLANG_WARN_INFINITE_RECURSION = YES;
				CLANG_WARN_INT_CONVERSION = YES;
				CLANG_WARN_NON_LITERAL_NULL_CONVERSION = YES;
				CLANG_WARN_OBJC_IMPLICIT_RETAIN_SELF = YES;
				CLANG_WARN_OBJC_LITERAL_CONVERSION = YES;
				CLANG_WARN_OBJC_ROOT_CLASS = YES_ERROR;
				CLANG_WARN_RANGE_LOOP_ANALYSIS = YES;
				CLANG_WARN_STRICT_PROTOTYPES = YES;
				CLANG_WARN_SUSPICIOUS_MOVE = YES;
				CLANG_WARN_UNGUARDED_AVAILABILITY = YES_AGGRESSIVE;
				CLANG_WARN_UNREACHABLE_CODE = YES;
				CLANG_WARN__DUPLICATE_METHOD_MATCH = YES;
				CODE_SIGN_IDENTITY = "iPhone Developer";
				COPY_PHASE_STRIP = NO;
				DEBUG_INFORMATION_FORMAT = "dwarf-with-dsym";
				ENABLE_NS_ASSERTIONS = NO;
				ENABLE_STRICT_OBJC_MSGSEND = YES;
				GCC_C_LANGUAGE_STANDARD = gnu11;
				GCC_NO_COMMON_BLOCKS = YES;
				GCC_WARN_64_TO_32_BIT_CONVERSION = YES;
				GCC_WARN_ABOUT_RETURN_TYPE = YES_ERROR;
				GCC_WARN_UNDECLARED_SELECTOR = YES;
				GCC_WARN_UNINITIALIZED_AUTOS = YES_AGGRESSIVE;
				GCC_WARN_UNUSED_FUNCTION = YES;
				GCC_WARN_UNUSED_VARIABLE = YES;
				IPHONEOS_DEPLOYMENT_TARGET = 11.3;
				MTL_ENABLE_DEBUG_INFO = NO;
				SDKROOT = iphoneos;
				SWIFT_COMPILATION_MODE = wholemodule;
				SWIFT_OPTIMIZATION_LEVEL = "-O";
				VALIDATE_PRODUCT = YES;
			};
			name = Release;
		};
		752EF75A207C57200046743A /* Debug */ = {
			isa = XCBuildConfiguration;
			baseConfigurationReference = D0A7B1A558BA891C37B0D6BC /* Pods-PulseOfAustin.debug.xcconfig */;
			buildSettings = {
				ASSETCATALOG_COMPILER_APPICON_NAME = AppIcon;
				CODE_SIGN_ENTITLEMENTS = PulseOfAustin/PulseOfAustin.entitlements;
				CODE_SIGN_STYLE = Automatic;
				DEVELOPMENT_TEAM = T443E98JT7;
				INFOPLIST_FILE = PulseOfAustin/Info.plist;
				LD_RUNPATH_SEARCH_PATHS = (
					"$(inherited)",
					"@executable_path/Frameworks",
				);
				PRODUCT_BUNDLE_IDENTIFIER = com.paulcarroll.PulseOfAustin;
				PRODUCT_NAME = "$(TARGET_NAME)";
				SWIFT_VERSION = 4.0;
				TARGETED_DEVICE_FAMILY = "1,2";
			};
			name = Debug;
		};
		752EF75B207C57200046743A /* Release */ = {
			isa = XCBuildConfiguration;
			baseConfigurationReference = C310411AC8AB4F4D53F8B098 /* Pods-PulseOfAustin.release.xcconfig */;
			buildSettings = {
				ASSETCATALOG_COMPILER_APPICON_NAME = AppIcon;
				CODE_SIGN_ENTITLEMENTS = PulseOfAustin/PulseOfAustin.entitlements;
				CODE_SIGN_STYLE = Automatic;
				DEVELOPMENT_TEAM = T443E98JT7;
				INFOPLIST_FILE = PulseOfAustin/Info.plist;
				LD_RUNPATH_SEARCH_PATHS = (
					"$(inherited)",
					"@executable_path/Frameworks",
				);
				PRODUCT_BUNDLE_IDENTIFIER = com.paulcarroll.PulseOfAustin;
				PRODUCT_NAME = "$(TARGET_NAME)";
				SWIFT_VERSION = 4.0;
				TARGETED_DEVICE_FAMILY = "1,2";
			};
			name = Release;
		};
		752EF75D207C57200046743A /* Debug */ = {
			isa = XCBuildConfiguration;
			baseConfigurationReference = 31B611E7E7965329B57117F1 /* Pods-PulseOfAustinTests.debug.xcconfig */;
			buildSettings = {
				ALWAYS_EMBED_SWIFT_STANDARD_LIBRARIES = YES;
				BUNDLE_LOADER = "$(TEST_HOST)";
				CODE_SIGN_STYLE = Automatic;
				INFOPLIST_FILE = PulseOfAustinTests/Info.plist;
				LD_RUNPATH_SEARCH_PATHS = (
					"$(inherited)",
					"@executable_path/Frameworks",
					"@loader_path/Frameworks",
				);
				PRODUCT_BUNDLE_IDENTIFIER = com.paulcarroll.PulseOfAustinTests;
				PRODUCT_NAME = "$(TARGET_NAME)";
				SWIFT_VERSION = 4.0;
				TARGETED_DEVICE_FAMILY = "1,2";
				TEST_HOST = "$(BUILT_PRODUCTS_DIR)/PulseOfAustin.app/PulseOfAustin";
			};
			name = Debug;
		};
		752EF75E207C57200046743A /* Release */ = {
			isa = XCBuildConfiguration;
			baseConfigurationReference = 30C670D4521ABF043271430D /* Pods-PulseOfAustinTests.release.xcconfig */;
			buildSettings = {
				ALWAYS_EMBED_SWIFT_STANDARD_LIBRARIES = YES;
				BUNDLE_LOADER = "$(TEST_HOST)";
				CODE_SIGN_STYLE = Automatic;
				INFOPLIST_FILE = PulseOfAustinTests/Info.plist;
				LD_RUNPATH_SEARCH_PATHS = (
					"$(inherited)",
					"@executable_path/Frameworks",
					"@loader_path/Frameworks",
				);
				PRODUCT_BUNDLE_IDENTIFIER = com.paulcarroll.PulseOfAustinTests;
				PRODUCT_NAME = "$(TARGET_NAME)";
				SWIFT_VERSION = 4.0;
				TARGETED_DEVICE_FAMILY = "1,2";
				TEST_HOST = "$(BUILT_PRODUCTS_DIR)/PulseOfAustin.app/PulseOfAustin";
			};
			name = Release;
		};
		752EF760207C57200046743A /* Debug */ = {
			isa = XCBuildConfiguration;
			baseConfigurationReference = 00E95310D79D8FF36DB70F5A /* Pods-PulseOfAustinUITests.debug.xcconfig */;
			buildSettings = {
				ALWAYS_EMBED_SWIFT_STANDARD_LIBRARIES = YES;
				CODE_SIGN_STYLE = Automatic;
				INFOPLIST_FILE = PulseOfAustinUITests/Info.plist;
				LD_RUNPATH_SEARCH_PATHS = (
					"$(inherited)",
					"@executable_path/Frameworks",
					"@loader_path/Frameworks",
				);
				PRODUCT_BUNDLE_IDENTIFIER = com.paulcarroll.PulseOfAustinUITests;
				PRODUCT_NAME = "$(TARGET_NAME)";
				SWIFT_VERSION = 4.0;
				TARGETED_DEVICE_FAMILY = "1,2";
				TEST_TARGET_NAME = PulseOfAustin;
			};
			name = Debug;
		};
		752EF761207C57200046743A /* Release */ = {
			isa = XCBuildConfiguration;
			baseConfigurationReference = D74179BCA617CE73C4797A09 /* Pods-PulseOfAustinUITests.release.xcconfig */;
			buildSettings = {
				ALWAYS_EMBED_SWIFT_STANDARD_LIBRARIES = YES;
				CODE_SIGN_STYLE = Automatic;
				INFOPLIST_FILE = PulseOfAustinUITests/Info.plist;
				LD_RUNPATH_SEARCH_PATHS = (
					"$(inherited)",
					"@executable_path/Frameworks",
					"@loader_path/Frameworks",
				);
				PRODUCT_BUNDLE_IDENTIFIER = com.paulcarroll.PulseOfAustinUITests;
				PRODUCT_NAME = "$(TARGET_NAME)";
				SWIFT_VERSION = 4.0;
				TARGETED_DEVICE_FAMILY = "1,2";
				TEST_TARGET_NAME = PulseOfAustin;
			};
			name = Release;
		};
/* End XCBuildConfiguration section */

/* Begin XCConfigurationList section */
		752EF72C207C571E0046743A /* Build configuration list for PBXProject "PulseOfAustin" */ = {
			isa = XCConfigurationList;
			buildConfigurations = (
				752EF757207C57200046743A /* Debug */,
				752EF758207C57200046743A /* Release */,
			);
			defaultConfigurationIsVisible = 0;
			defaultConfigurationName = Release;
		};
		752EF759207C57200046743A /* Build configuration list for PBXNativeTarget "PulseOfAustin" */ = {
			isa = XCConfigurationList;
			buildConfigurations = (
				752EF75A207C57200046743A /* Debug */,
				752EF75B207C57200046743A /* Release */,
			);
			defaultConfigurationIsVisible = 0;
			defaultConfigurationName = Release;
		};
		752EF75C207C57200046743A /* Build configuration list for PBXNativeTarget "PulseOfAustinTests" */ = {
			isa = XCConfigurationList;
			buildConfigurations = (
				752EF75D207C57200046743A /* Debug */,
				752EF75E207C57200046743A /* Release */,
			);
			defaultConfigurationIsVisible = 0;
			defaultConfigurationName = Release;
		};
		752EF75F207C57200046743A /* Build configuration list for PBXNativeTarget "PulseOfAustinUITests" */ = {
			isa = XCConfigurationList;
			buildConfigurations = (
				752EF760207C57200046743A /* Debug */,
				752EF761207C57200046743A /* Release */,
			);
			defaultConfigurationIsVisible = 0;
			defaultConfigurationName = Release;
		};
/* End XCConfigurationList section */
	};
	rootObject = 752EF729207C571E0046743A /* Project object */;
}
